
Microsoft Visual Studio Solution File, Format Version 12.00
# Visual Studio 15
VisualStudioVersion = 15.0.28010.2048
MinimumVisualStudioVersion = 10.0.40219.1
Project("{9A19103F-16F7-4668-BE54-9A1E7A4F7556}") = "Dfc.ProviderPortal.Venues.Models", "src\Dfc.ProviderPortal.Venues.Models\Dfc.ProviderPortal.Venues.Models.csproj", "{4BD6AC97-CBBE-498E-9584-B0FEAFC96489}"
EndProject
Project("{9A19103F-16F7-4668-BE54-9A1E7A4F7556}") = "Dfc.ProviderPortal.Venues", "src\Dfc.ProviderPortal.Venues\Dfc.ProviderPortal.Venues.csproj", "{AE2A6C01-B2B9-4C00-B1CF-092AED97CCAE}"
EndProject
Project("{9A19103F-16F7-4668-BE54-9A1E7A4F7556}") = "Dfc.ProviderPortal.Venues.Tests", "tests\DFC.ProviderPortal.Venues.Tests\Dfc.ProviderPortal.Venues.Tests.csproj", "{01E596BD-AEAC-4005-BE26-6714B1106E2B}"
EndProject
Global
	GlobalSection(SolutionConfigurationPlatforms) = preSolution
		Debug|Any CPU = Debug|Any CPU
		Release|Any CPU = Release|Any CPU
	EndGlobalSection
	GlobalSection(ProjectConfigurationPlatforms) = postSolution
		{4BD6AC97-CBBE-498E-9584-B0FEAFC96489}.Debug|Any CPU.ActiveCfg = Debug|Any CPU
		{4BD6AC97-CBBE-498E-9584-B0FEAFC96489}.Debug|Any CPU.Build.0 = Debug|Any CPU
		{4BD6AC97-CBBE-498E-9584-B0FEAFC96489}.Release|Any CPU.ActiveCfg = Release|Any CPU
		{4BD6AC97-CBBE-498E-9584-B0FEAFC96489}.Release|Any CPU.Build.0 = Release|Any CPU
		{AE2A6C01-B2B9-4C00-B1CF-092AED97CCAE}.Debug|Any CPU.ActiveCfg = Debug|Any CPU
		{AE2A6C01-B2B9-4C00-B1CF-092AED97CCAE}.Debug|Any CPU.Build.0 = Debug|Any CPU
		{AE2A6C01-B2B9-4C00-B1CF-092AED97CCAE}.Release|Any CPU.ActiveCfg = Release|Any CPU
		{AE2A6C01-B2B9-4C00-B1CF-092AED97CCAE}.Release|Any CPU.Build.0 = Release|Any CPU
		{01E596BD-AEAC-4005-BE26-6714B1106E2B}.Debug|Any CPU.ActiveCfg = Debug|Any CPU
		{01E596BD-AEAC-4005-BE26-6714B1106E2B}.Debug|Any CPU.Build.0 = Debug|Any CPU
		{01E596BD-AEAC-4005-BE26-6714B1106E2B}.Release|Any CPU.ActiveCfg = Release|Any CPU
		{01E596BD-AEAC-4005-BE26-6714B1106E2B}.Release|Any CPU.Build.0 = Release|Any CPU
	EndGlobalSection
	GlobalSection(SolutionProperties) = preSolution
		HideSolutionNode = FALSE
	EndGlobalSection
	GlobalSection(ExtensibilityGlobals) = postSolution
		SolutionGuid = {361FAA9F-A15B-4A90-8650-A034D6E9C836}
	EndGlobalSection
EndGlobal
